
Microsoft Visual Studio Solution File, Format Version 12.00
# Visual Studio Version 17
VisualStudioVersion = 17.1.32319.34
MinimumVisualStudioVersion = 10.0.40219.1
Project("{FAE04EC0-301F-11D3-BF4B-00C04F79EFBC}") = "CRUDcshare", "CRUDcshare\CRUDcshare.csproj", "{2F1504D2-2E93-4AA7-BF09-1E21FC8FF995}"
EndProject
Global
	GlobalSection(SolutionConfigurationPlatforms) = preSolution
		Debug|Any CPU = Debug|Any CPU
		Release|Any CPU = Release|Any CPU
	EndGlobalSection
	GlobalSection(ProjectConfigurationPlatforms) = postSolution
		{2F1504D2-2E93-4AA7-BF09-1E21FC8FF995}.Debug|Any CPU.ActiveCfg = Debug|Any CPU
		{2F1504D2-2E93-4AA7-BF09-1E21FC8FF995}.Debug|Any CPU.Build.0 = Debug|Any CPU
		{2F1504D2-2E93-4AA7-BF09-1E21FC8FF995}.Release|Any CPU.ActiveCfg = Release|Any CPU
		{2F1504D2-2E93-4AA7-BF09-1E21FC8FF995}.Release|Any CPU.Build.0 = Release|Any CPU
	EndGlobalSection
	GlobalSection(SolutionProperties) = preSolution
		HideSolutionNode = FALSE
	EndGlobalSection
	GlobalSection(ExtensibilityGlobals) = postSolution
		SolutionGuid = {5BBC8B10-E4F7-4AC4-97A9-D667A634F038}
	EndGlobalSection
EndGlobal
